
Microsoft Visual Studio Solution File, Format Version 12.00
# Visual Studio Version 16
VisualStudioVersion = 16.0.29911.84
MinimumVisualStudioVersion = 10.0.40219.1
Project("{FAE04EC0-301F-11D3-BF4B-00C04F79EFBC}") = "DbConnector", "DbConnector\DbConnector.csproj", "{BF37C51B-4E85-4A36-AFD8-1031D0DD3E7D}"
EndProject
Project("{FAE04EC0-301F-11D3-BF4B-00C04F79EFBC}") = "DAL", "DAL\DAL.csproj", "{55B8CF5B-CCBB-478F-9F16-BACBD42DC919}"
EndProject
Global
	GlobalSection(SolutionConfigurationPlatforms) = preSolution
		Debug|Any CPU = Debug|Any CPU
		Release|Any CPU = Release|Any CPU
	EndGlobalSection
	GlobalSection(ProjectConfigurationPlatforms) = postSolution
		{BF37C51B-4E85-4A36-AFD8-1031D0DD3E7D}.Debug|Any CPU.ActiveCfg = Debug|Any CPU
		{BF37C51B-4E85-4A36-AFD8-1031D0DD3E7D}.Debug|Any CPU.Build.0 = Debug|Any CPU
		{BF37C51B-4E85-4A36-AFD8-1031D0DD3E7D}.Release|Any CPU.ActiveCfg = Release|Any CPU
		{BF37C51B-4E85-4A36-AFD8-1031D0DD3E7D}.Release|Any CPU.Build.0 = Release|Any CPU
		{55B8CF5B-CCBB-478F-9F16-BACBD42DC919}.Debug|Any CPU.ActiveCfg = Debug|Any CPU
		{55B8CF5B-CCBB-478F-9F16-BACBD42DC919}.Debug|Any CPU.Build.0 = Debug|Any CPU
		{55B8CF5B-CCBB-478F-9F16-BACBD42DC919}.Release|Any CPU.ActiveCfg = Release|Any CPU
		{55B8CF5B-CCBB-478F-9F16-BACBD42DC919}.Release|Any CPU.Build.0 = Release|Any CPU
	EndGlobalSection
	GlobalSection(SolutionProperties) = preSolution
		HideSolutionNode = FALSE
	EndGlobalSection
	GlobalSection(ExtensibilityGlobals) = postSolution
		SolutionGuid = {844BE0FA-2901-451D-8D65-563728886DF4}
	EndGlobalSection
EndGlobal
